
Microsoft Visual Studio Solution File, Format Version 12.00
# Visual Studio Version 17
VisualStudioVersion = 17.9.34607.119
MinimumVisualStudioVersion = 10.0.40219.1
Project("{FAE04EC0-301F-11D3-BF4B-00C04F79EFBC}") = "WebApplication4", "WebApplication4\WebApplication4.csproj", "{DB1FE71E-25ED-415A-A2CD-17AB6D6B6314}"
EndProject
Global
	GlobalSection(SolutionConfigurationPlatforms) = preSolution
		Debug|Any CPU = Debug|Any CPU
		Release|Any CPU = Release|Any CPU
	EndGlobalSection
	GlobalSection(ProjectConfigurationPlatforms) = postSolution
		{DB1FE71E-25ED-415A-A2CD-17AB6D6B6314}.Debug|Any CPU.ActiveCfg = Debug|Any CPU
		{DB1FE71E-25ED-415A-A2CD-17AB6D6B6314}.Debug|Any CPU.Build.0 = Debug|Any CPU
		{DB1FE71E-25ED-415A-A2CD-17AB6D6B6314}.Release|Any CPU.ActiveCfg = Release|Any CPU
		{DB1FE71E-25ED-415A-A2CD-17AB6D6B6314}.Release|Any CPU.Build.0 = Release|Any CPU
	EndGlobalSection
	GlobalSection(SolutionProperties) = preSolution
		HideSolutionNode = FALSE
	EndGlobalSection
	GlobalSection(ExtensibilityGlobals) = postSolution
		SolutionGuid = {9BF66D2E-2BB9-4EAF-805F-F5A26C0E8AC8}
	EndGlobalSection
EndGlobal
